
Microsoft Visual Studio Solution File, Format Version 12.00
# Visual Studio Version 17
VisualStudioVersion = 17.4.33110.190
MinimumVisualStudioVersion = 10.0.40219.1
Project("{9A19103F-16F7-4668-BE54-9A1E7A4F7556}") = "Twitter.API", "Twitter.API\Twitter.API.csproj", "{97A2A877-DE93-43E9-9343-DDF360903C24}"
EndProject
Project("{9A19103F-16F7-4668-BE54-9A1E7A4F7556}") = "Twitter.Core", "Twitter.Core\Twitter.Core.csproj", "{9F0014AE-BFB6-4FE2-B616-33D1AA1ABA0E}"
EndProject
Project("{9A19103F-16F7-4668-BE54-9A1E7A4F7556}") = "Twitter.Infrastructure", "Twitter.Infrastructure\Twitter.Infrastructure.csproj", "{F00E33F2-4ED2-43D3-84FF-6C721D8AE1E1}"
EndProject
Project("{FAE04EC0-301F-11D3-BF4B-00C04F79EFBC}") = "Twitter.UnitTests", "Twitter.UnitTests\Twitter.UnitTests.csproj", "{26E2002A-42C8-40B3-9820-77D7B028BD0C}"
EndProject
Global
	GlobalSection(SolutionConfigurationPlatforms) = preSolution
		Debug|Any CPU = Debug|Any CPU
		Release|Any CPU = Release|Any CPU
	EndGlobalSection
	GlobalSection(ProjectConfigurationPlatforms) = postSolution
		{97A2A877-DE93-43E9-9343-DDF360903C24}.Debug|Any CPU.ActiveCfg = Debug|Any CPU
		{97A2A877-DE93-43E9-9343-DDF360903C24}.Debug|Any CPU.Build.0 = Debug|Any CPU
		{97A2A877-DE93-43E9-9343-DDF360903C24}.Release|Any CPU.ActiveCfg = Release|Any CPU
		{97A2A877-DE93-43E9-9343-DDF360903C24}.Release|Any CPU.Build.0 = Release|Any CPU
		{9F0014AE-BFB6-4FE2-B616-33D1AA1ABA0E}.Debug|Any CPU.ActiveCfg = Debug|Any CPU
		{9F0014AE-BFB6-4FE2-B616-33D1AA1ABA0E}.Debug|Any CPU.Build.0 = Debug|Any CPU
		{9F0014AE-BFB6-4FE2-B616-33D1AA1ABA0E}.Release|Any CPU.ActiveCfg = Release|Any CPU
		{9F0014AE-BFB6-4FE2-B616-33D1AA1ABA0E}.Release|Any CPU.Build.0 = Release|Any CPU
		{F00E33F2-4ED2-43D3-84FF-6C721D8AE1E1}.Debug|Any CPU.ActiveCfg = Debug|Any CPU
		{F00E33F2-4ED2-43D3-84FF-6C721D8AE1E1}.Debug|Any CPU.Build.0 = Debug|Any CPU
		{F00E33F2-4ED2-43D3-84FF-6C721D8AE1E1}.Release|Any CPU.ActiveCfg = Release|Any CPU
		{F00E33F2-4ED2-43D3-84FF-6C721D8AE1E1}.Release|Any CPU.Build.0 = Release|Any CPU
		{26E2002A-42C8-40B3-9820-77D7B028BD0C}.Debug|Any CPU.ActiveCfg = Debug|Any CPU
		{26E2002A-42C8-40B3-9820-77D7B028BD0C}.Debug|Any CPU.Build.0 = Debug|Any CPU
		{26E2002A-42C8-40B3-9820-77D7B028BD0C}.Release|Any CPU.ActiveCfg = Release|Any CPU
		{26E2002A-42C8-40B3-9820-77D7B028BD0C}.Release|Any CPU.Build.0 = Release|Any CPU
	EndGlobalSection
	GlobalSection(SolutionProperties) = preSolution
		HideSolutionNode = FALSE
	EndGlobalSection
	GlobalSection(ExtensibilityGlobals) = postSolution
		SolutionGuid = {4B684A9D-286F-40A8-8132-3813CAD0D4B4}
	EndGlobalSection
EndGlobal
